// !$*UTF8*$!
{
	archiveVersion = 1;
	classes = {
	};
	objectVersion = 50;
	objects = {

/* Begin PBXBuildFile section */
		5B1BB2CF2524EA4900C3F3BD /* ConversationsListViewController.swift in Sources */ = {isa = PBXBuildFile; fileRef = 5B1BB2CE2524EA4900C3F3BD /* ConversationsListViewController.swift */; };
		5B1BB2D12524EA6A00C3F3BD /* ConversationsList.storyboard in Resources */ = {isa = PBXBuildFile; fileRef = 5B1BB2D02524EA6A00C3F3BD /* ConversationsList.storyboard */; };
		5B1BB2D32524F71B00C3F3BD /* ConversationTableViewCell.swift in Sources */ = {isa = PBXBuildFile; fileRef = 5B1BB2D22524F71B00C3F3BD /* ConversationTableViewCell.swift */; };
		5B1BB2D52524F9DF00C3F3BD /* ConversationCellModel.swift in Sources */ = {isa = PBXBuildFile; fileRef = 5B1BB2D42524F9DF00C3F3BD /* ConversationCellModel.swift */; };
		5B4853FE251B91DC004FA124 /* ProfileViewController.swift in Sources */ = {isa = PBXBuildFile; fileRef = 5B4853FD251B91DC004FA124 /* ProfileViewController.swift */; };
		5BC6DF8E25128E70006904D2 /* AppDelegate.swift in Sources */ = {isa = PBXBuildFile; fileRef = 5BC6DF8D25128E70006904D2 /* AppDelegate.swift */; };
		5BC6DF9025128E70006904D2 /* SceneDelegate.swift in Sources */ = {isa = PBXBuildFile; fileRef = 5BC6DF8F25128E70006904D2 /* SceneDelegate.swift */; };
		5BC6DF9225128E70006904D2 /* ViewController.swift in Sources */ = {isa = PBXBuildFile; fileRef = 5BC6DF9125128E70006904D2 /* ViewController.swift */; };
		5BC6DF9525128E70006904D2 /* Main.storyboard in Resources */ = {isa = PBXBuildFile; fileRef = 5BC6DF9325128E70006904D2 /* Main.storyboard */; };
		5BC6DF9725128E72006904D2 /* Assets.xcassets in Resources */ = {isa = PBXBuildFile; fileRef = 5BC6DF9625128E72006904D2 /* Assets.xcassets */; };
		5BC6DF9A25128E72006904D2 /* LaunchScreen.storyboard in Resources */ = {isa = PBXBuildFile; fileRef = 5BC6DF9825128E72006904D2 /* LaunchScreen.storyboard */; };
/* End PBXBuildFile section */

/* Begin PBXFileReference section */
		5B1BB2CE2524EA4900C3F3BD /* ConversationsListViewController.swift */ = {isa = PBXFileReference; lastKnownFileType = sourcecode.swift; path = ConversationsListViewController.swift; sourceTree = "<group>"; };
		5B1BB2D02524EA6A00C3F3BD /* ConversationsList.storyboard */ = {isa = PBXFileReference; lastKnownFileType = file.storyboard; path = ConversationsList.storyboard; sourceTree = "<group>"; };
		5B1BB2D22524F71B00C3F3BD /* ConversationTableViewCell.swift */ = {isa = PBXFileReference; lastKnownFileType = sourcecode.swift; path = ConversationTableViewCell.swift; sourceTree = "<group>"; };
		5B1BB2D42524F9DF00C3F3BD /* ConversationCellModel.swift */ = {isa = PBXFileReference; lastKnownFileType = sourcecode.swift; path = ConversationCellModel.swift; sourceTree = "<group>"; };
		5B4853FD251B91DC004FA124 /* ProfileViewController.swift */ = {isa = PBXFileReference; lastKnownFileType = sourcecode.swift; path = ProfileViewController.swift; sourceTree = "<group>"; };
		5BC6DF8A25128E70006904D2 /* Chat.app */ = {isa = PBXFileReference; explicitFileType = wrapper.application; includeInIndex = 0; path = Chat.app; sourceTree = BUILT_PRODUCTS_DIR; };
		5BC6DF8D25128E70006904D2 /* AppDelegate.swift */ = {isa = PBXFileReference; lastKnownFileType = sourcecode.swift; path = AppDelegate.swift; sourceTree = "<group>"; };
		5BC6DF8F25128E70006904D2 /* SceneDelegate.swift */ = {isa = PBXFileReference; lastKnownFileType = sourcecode.swift; path = SceneDelegate.swift; sourceTree = "<group>"; };
		5BC6DF9125128E70006904D2 /* ViewController.swift */ = {isa = PBXFileReference; lastKnownFileType = sourcecode.swift; path = ViewController.swift; sourceTree = "<group>"; };
		5BC6DF9425128E70006904D2 /* Base */ = {isa = PBXFileReference; lastKnownFileType = file.storyboard; name = Base; path = Base.lproj/Main.storyboard; sourceTree = "<group>"; };
		5BC6DF9625128E72006904D2 /* Assets.xcassets */ = {isa = PBXFileReference; lastKnownFileType = folder.assetcatalog; path = Assets.xcassets; sourceTree = "<group>"; };
		5BC6DF9925128E72006904D2 /* Base */ = {isa = PBXFileReference; lastKnownFileType = file.storyboard; name = Base; path = Base.lproj/LaunchScreen.storyboard; sourceTree = "<group>"; };
		5BC6DF9B25128E72006904D2 /* Info.plist */ = {isa = PBXFileReference; lastKnownFileType = text.plist.xml; path = Info.plist; sourceTree = "<group>"; };
/* End PBXFileReference section */

/* Begin PBXFrameworksBuildPhase section */
		5BC6DF8725128E70006904D2 /* Frameworks */ = {
			isa = PBXFrameworksBuildPhase;
			buildActionMask = 2147483647;
			files = (
			);
			runOnlyForDeploymentPostprocessing = 0;
		};
/* End PBXFrameworksBuildPhase section */

/* Begin PBXGroup section */
		5BC6DF8125128E70006904D2 = {
			isa = PBXGroup;
			children = (
				5BC6DF8C25128E70006904D2 /* Chat */,
				5BC6DF8B25128E70006904D2 /* Products */,
			);
			sourceTree = "<group>";
		};
		5BC6DF8B25128E70006904D2 /* Products */ = {
			isa = PBXGroup;
			children = (
				5BC6DF8A25128E70006904D2 /* Chat.app */,
			);
			name = Products;
			sourceTree = "<group>";
		};
		5BC6DF8C25128E70006904D2 /* Chat */ = {
			isa = PBXGroup;
			children = (
				5BC6DF8D25128E70006904D2 /* AppDelegate.swift */,
				5BC6DF8F25128E70006904D2 /* SceneDelegate.swift */,
				5BC6DF9125128E70006904D2 /* ViewController.swift */,
				5BC6DF9325128E70006904D2 /* Main.storyboard */,
				5BC6DF9625128E72006904D2 /* Assets.xcassets */,
				5BC6DF9825128E72006904D2 /* LaunchScreen.storyboard */,
				5BC6DF9B25128E72006904D2 /* Info.plist */,
				5B4853FD251B91DC004FA124 /* ProfileViewController.swift */,
				5B1BB2CE2524EA4900C3F3BD /* ConversationsListViewController.swift */,
				5B1BB2D02524EA6A00C3F3BD /* ConversationsList.storyboard */,
				5B1BB2D22524F71B00C3F3BD /* ConversationTableViewCell.swift */,
				5B1BB2D42524F9DF00C3F3BD /* ConversationCellModel.swift */,
			);
			path = Chat;
			sourceTree = "<group>";
		};
/* End PBXGroup section */

/* Begin PBXNativeTarget section */
		5BC6DF8925128E70006904D2 /* Chat */ = {
			isa = PBXNativeTarget;
			buildConfigurationList = 5BC6DF9E25128E72006904D2 /* Build configuration list for PBXNativeTarget "Chat" */;
			buildPhases = (
				5BC6DF8625128E70006904D2 /* Sources */,
				5BC6DF8725128E70006904D2 /* Frameworks */,
				5BC6DF8825128E70006904D2 /* Resources */,
			);
			buildRules = (
			);
			dependencies = (
			);
			name = Chat;
			productName = Chat;
			productReference = 5BC6DF8A25128E70006904D2 /* Chat.app */;
			productType = "com.apple.product-type.application";
		};
/* End PBXNativeTarget section */

/* Begin PBXProject section */
		5BC6DF8225128E70006904D2 /* Project object */ = {
			isa = PBXProject;
			attributes = {
				LastSwiftUpdateCheck = 1170;
				LastUpgradeCheck = 1170;
				ORGANIZATIONNAME = vikiwai;
				TargetAttributes = {
					5BC6DF8925128E70006904D2 = {
						CreatedOnToolsVersion = 11.7;
					};
				};
			};
			buildConfigurationList = 5BC6DF8525128E70006904D2 /* Build configuration list for PBXProject "Chat" */;
			compatibilityVersion = "Xcode 9.3";
			developmentRegion = en;
			hasScannedForEncodings = 0;
			knownRegions = (
				en,
				Base,
			);
			mainGroup = 5BC6DF8125128E70006904D2;
			productRefGroup = 5BC6DF8B25128E70006904D2 /* Products */;
			projectDirPath = "";
			projectRoot = "";
			targets = (
				5BC6DF8925128E70006904D2 /* Chat */,
			);
		};
/* End PBXProject section */

/* Begin PBXResourcesBuildPhase section */
		5BC6DF8825128E70006904D2 /* Resources */ = {
			isa = PBXResourcesBuildPhase;
			buildActionMask = 2147483647;
			files = (
				5BC6DF9A25128E72006904D2 /* LaunchScreen.storyboard in Resources */,
				5B1BB2D12524EA6A00C3F3BD /* ConversationsList.storyboard in Resources */,
				5BC6DF9725128E72006904D2 /* Assets.xcassets in Resources */,
				5BC6DF9525128E70006904D2 /* Main.storyboard in Resources */,
			);
			runOnlyForDeploymentPostprocessing = 0;
		};
/* End PBXResourcesBuildPhase section */

/* Begin PBXSourcesBuildPhase section */
		5BC6DF8625128E70006904D2 /* Sources */ = {
			isa = PBXSourcesBuildPhase;
			buildActionMask = 2147483647;
			files = (
				5BC6DF9225128E70006904D2 /* ViewController.swift in Sources */,
				5B1BB2CF2524EA4900C3F3BD /* ConversationsListViewController.swift in Sources */,
				5B1BB2D52524F9DF00C3F3BD /* ConversationCellModel.swift in Sources */,
				5B1BB2D32524F71B00C3F3BD /* ConversationTableViewCell.swift in Sources */,
				5BC6DF8E25128E70006904D2 /* AppDelegate.swift in Sources */,
				5B4853FE251B91DC004FA124 /* ProfileViewController.swift in Sources */,
				5BC6DF9025128E70006904D2 /* SceneDelegate.swift in Sources */,
			);
			runOnlyForDeploymentPostprocessing = 0;
		};
/* End PBXSourcesBuildPhase section */

/* Begin PBXVariantGroup section */
		5BC6DF9325128E70006904D2 /* Main.storyboard */ = {
			isa = PBXVariantGroup;
			children = (
				5BC6DF9425128E70006904D2 /* Base */,
			);
			name = Main.storyboard;
			sourceTree = "<group>";
		};
		5BC6DF9825128E72006904D2 /* LaunchScreen.storyboard */ = {
			isa = PBXVariantGroup;
			children = (
				5BC6DF9925128E72006904D2 /* Base */,
			);
			name = LaunchScreen.storyboard;
			sourceTree = "<group>";
		};
/* End PBXVariantGroup section */

/* Begin XCBuildConfiguration section */
		5BC6DF9C25128E72006904D2 /* Debug */ = {
			isa = XCBuildConfiguration;
			buildSettings = {
				ALWAYS_SEARCH_USER_PATHS = NO;
				CLANG_ANALYZER_NONNULL = YES;
				CLANG_ANALYZER_NUMBER_OBJECT_CONVERSION = YES_AGGRESSIVE;
				CLANG_CXX_LANGUAGE_STANDARD = "gnu++14";
				CLANG_CXX_LIBRARY = "libc++";
				CLANG_ENABLE_MODULES = YES;
				CLANG_ENABLE_OBJC_ARC = YES;
				CLANG_ENABLE_OBJC_WEAK = YES;
				CLANG_WARN_BLOCK_CAPTURE_AUTORELEASING = YES;
				CLANG_WARN_BOOL_CONVERSION = YES;
				CLANG_WARN_COMMA = YES;
				CLANG_WARN_CONSTANT_CONVERSION = YES;
				CLANG_WARN_DEPRECATED_OBJC_IMPLEMENTATIONS = YES;
				CLANG_WARN_DIRECT_OBJC_ISA_USAGE = YES_ERROR;
				CLANG_WARN_DOCUMENTATION_COMMENTS = YES;
				CLANG_WARN_EMPTY_BODY = YES;
				CLANG_WARN_ENUM_CONVERSION = YES;
				CLANG_WARN_INFINITE_RECURSION = YES;
				CLANG_WARN_INT_CONVERSION = YES;
				CLANG_WARN_NON_LITERAL_NULL_CONVERSION = YES;
				CLANG_WARN_OBJC_IMPLICIT_RETAIN_SELF = YES;
				CLANG_WARN_OBJC_LITERAL_CONVERSION = YES;
				CLANG_WARN_OBJC_ROOT_CLASS = YES_ERROR;
				CLANG_WARN_RANGE_LOOP_ANALYSIS = YES;
				CLANG_WARN_STRICT_PROTOTYPES = YES;
				CLANG_WARN_SUSPICIOUS_MOVE = YES;
				CLANG_WARN_UNGUARDED_AVAILABILITY = YES_AGGRESSIVE;
				CLANG_WARN_UNREACHABLE_CODE = YES;
				CLANG_WARN__DUPLICATE_METHOD_MATCH = YES;
				COPY_PHASE_STRIP = NO;
				DEBUG_INFORMATION_FORMAT = dwarf;
				ENABLE_STRICT_OBJC_MSGSEND = YES;
				ENABLE_TESTABILITY = YES;
				GCC_C_LANGUAGE_STANDARD = gnu11;
				GCC_DYNAMIC_NO_PIC = NO;
				GCC_NO_COMMON_BLOCKS = YES;
				GCC_OPTIMIZATION_LEVEL = 0;
				GCC_PREPROCESSOR_DEFINITIONS = (
					"DEBUG=1",
					"$(inherited)",
				);
				GCC_WARN_64_TO_32_BIT_CONVERSION = YES;
				GCC_WARN_ABOUT_RETURN_TYPE = YES_ERROR;
				GCC_WARN_UNDECLARED_SELECTOR = YES;
				GCC_WARN_UNINITIALIZED_AUTOS = YES_AGGRESSIVE;
				GCC_WARN_UNUSED_FUNCTION = YES;
				GCC_WARN_UNUSED_VARIABLE = YES;
				IPHONEOS_DEPLOYMENT_TARGET = 12.0;
				MTL_ENABLE_DEBUG_INFO = INCLUDE_SOURCE;
				MTL_FAST_MATH = YES;
				ONLY_ACTIVE_ARCH = YES;
				SDKROOT = iphoneos;
				SWIFT_ACTIVE_COMPILATION_CONDITIONS = DEBUG;
				SWIFT_OPTIMIZATION_LEVEL = "-Onone";
			};
			name = Debug;
		};
		5BC6DF9D25128E72006904D2 /* Release */ = {
			isa = XCBuildConfiguration;
			buildSettings = {
				ALWAYS_SEARCH_USER_PATHS = NO;
				CLANG_ANALYZER_NONNULL = YES;
				CLANG_ANALYZER_NUMBER_OBJECT_CONVERSION = YES_AGGRESSIVE;
				CLANG_CXX_LANGUAGE_STANDARD = "gnu++14";
				CLANG_CXX_LIBRARY = "libc++";
				CLANG_ENABLE_MODULES = YES;
				CLANG_ENABLE_OBJC_ARC = YES;
				CLANG_ENABLE_OBJC_WEAK = YES;
				CLANG_WARN_BLOCK_CAPTURE_AUTORELEASING = YES;
				CLANG_WARN_BOOL_CONVERSION = YES;
				CLANG_WARN_COMMA = YES;
				CLANG_WARN_CONSTANT_CONVERSION = YES;
				CLANG_WARN_DEPRECATED_OBJC_IMPLEMENTATIONS = YES;
				CLANG_WARN_DIRECT_OBJC_ISA_USAGE = YES_ERROR;
				CLANG_WARN_DOCUMENTATION_COMMENTS = YES;
				CLANG_WARN_EMPTY_BODY = YES;
				CLANG_WARN_ENUM_CONVERSION = YES;
				CLANG_WARN_INFINITE_RECURSION = YES;
				CLANG_WARN_INT_CONVERSION = YES;
				CLANG_WARN_NON_LITERAL_NULL_CONVERSION = YES;
				CLANG_WARN_OBJC_IMPLICIT_RETAIN_SELF = YES;
				CLANG_WARN_OBJC_LITERAL_CONVERSION = YES;
				CLANG_WARN_OBJC_ROOT_CLASS = YES_ERROR;
				CLANG_WARN_RANGE_LOOP_ANALYSIS = YES;
				CLANG_WARN_STRICT_PROTOTYPES = YES;
				CLANG_WARN_SUSPICIOUS_MOVE = YES;
				CLANG_WARN_UNGUARDED_AVAILABILITY = YES_AGGRESSIVE;
				CLANG_WARN_UNREACHABLE_CODE = YES;
				CLANG_WARN__DUPLICATE_METHOD_MATCH = YES;
				COPY_PHASE_STRIP = NO;
				DEBUG_INFORMATION_FORMAT = "dwarf-with-dsym";
				ENABLE_NS_ASSERTIONS = NO;
				ENABLE_STRICT_OBJC_MSGSEND = YES;
				GCC_C_LANGUAGE_STANDARD = gnu11;
				GCC_NO_COMMON_BLOCKS = YES;
				GCC_WARN_64_TO_32_BIT_CONVERSION = YES;
				GCC_WARN_ABOUT_RETURN_TYPE = YES_ERROR;
				GCC_WARN_UNDECLARED_SELECTOR = YES;
				GCC_WARN_UNINITIALIZED_AUTOS = YES_AGGRESSIVE;
				GCC_WARN_UNUSED_FUNCTION = YES;
				GCC_WARN_UNUSED_VARIABLE = YES;
				IPHONEOS_DEPLOYMENT_TARGET = 12.0;
				MTL_ENABLE_DEBUG_INFO = NO;
				MTL_FAST_MATH = YES;
				SDKROOT = iphoneos;
				SWIFT_COMPILATION_MODE = wholemodule;
				SWIFT_OPTIMIZATION_LEVEL = "-O";
				VALIDATE_PRODUCT = YES;
			};
			name = Release;
		};
		5BC6DF9F25128E72006904D2 /* Debug */ = {
			isa = XCBuildConfiguration;
			buildSettings = {
				ASSETCATALOG_COMPILER_APPICON_NAME = AppIcon;
				CODE_SIGN_IDENTITY = "Apple Development";
				CODE_SIGN_STYLE = Automatic;
				DEVELOPMENT_TEAM = J7DZ7772CX;
				INFOPLIST_FILE = Chat/Info.plist;
				IPHONEOS_DEPLOYMENT_TARGET = 12.0;
				LD_RUNPATH_SEARCH_PATHS = (
					"$(inherited)",
					"@executable_path/Frameworks",
				);
				PRODUCT_BUNDLE_IDENTIFIER = ru.vikiwai.Chat;
				PRODUCT_NAME = "$(TARGET_NAME)";
				PROVISIONING_PROFILE_SPECIFIER = "";
				SWIFT_VERSION = 5.0;
				TARGETED_DEVICE_FAMILY = 1;
			};
			name = Debug;
		};
		5BC6DFA025128E72006904D2 /* Release */ = {
			isa = XCBuildConfiguration;
			buildSettings = {
				ASSETCATALOG_COMPILER_APPICON_NAME = AppIcon;
				CODE_SIGN_IDENTITY = "Apple Development";
				CODE_SIGN_STYLE = Automatic;
				DEVELOPMENT_TEAM = J7DZ7772CX;
				INFOPLIST_FILE = Chat/Info.plist;
				IPHONEOS_DEPLOYMENT_TARGET = 12.0;
				LD_RUNPATH_SEARCH_PATHS = (
					"$(inherited)",
					"@executable_path/Frameworks",
				);
				PRODUCT_BUNDLE_IDENTIFIER = ru.vikiwai.Chat;
				PRODUCT_NAME = "$(TARGET_NAME)";
				PROVISIONING_PROFILE_SPECIFIER = "";
				SWIFT_VERSION = 5.0;
				TARGETED_DEVICE_FAMILY = 1;
			};
			name = Release;
		};
/* End XCBuildConfiguration section */

/* Begin XCConfigurationList section */
		5BC6DF8525128E70006904D2 /* Build configuration list for PBXProject "Chat" */ = {
			isa = XCConfigurationList;
			buildConfigurations = (
				5BC6DF9C25128E72006904D2 /* Debug */,
				5BC6DF9D25128E72006904D2 /* Release */,
			);
			defaultConfigurationIsVisible = 0;
			defaultConfigurationName = Release;
		};
		5BC6DF9E25128E72006904D2 /* Build configuration list for PBXNativeTarget "Chat" */ = {
			isa = XCConfigurationList;
			buildConfigurations = (
				5BC6DF9F25128E72006904D2 /* Debug */,
				5BC6DFA025128E72006904D2 /* Release */,
			);
			defaultConfigurationIsVisible = 0;
			defaultConfigurationName = Release;
		};
/* End XCConfigurationList section */
	};
	rootObject = 5BC6DF8225128E70006904D2 /* Project object */;
}
